{
  "name": "stupid-case",
  "version": "1.0.0-rc1",
  "lockfileVersion": 2,
  "requires": true,
  "packages": {
    "": {
      "name": "stupid-case",
      "version": "1.0.0-rc1",
      "dependencies": {
        "stupid-case": "^1.0.0-rc1"
      }
    },
    "node_modules/stupid-case": {
      "version": "1.0.0-rc1",
      "resolved": "https://registry.npmjs.org/stupid-case/-/stupid-case-1.0.0-rc1.tgz",
      "integrity": "sha512-2fEy+FzMXs4AlJQxf0/fGbBpyG+G3qjBcKKPqxjZadUSK/7Mjpgou6PEqXwDTFLh3u4ZwW+REd1n1eVoQk3cRA=="
    }
  },
  "dependencies": {
    "stupid-case": {
      "version": "1.0.0-rc1",
      "resolved": "https://registry.npmjs.org/stupid-case/-/stupid-case-1.0.0-rc1.tgz",
      "integrity": "sha512-2fEy+FzMXs4AlJQxf0/fGbBpyG+G3qjBcKKPqxjZadUSK/7Mjpgou6PEqXwDTFLh3u4ZwW+REd1n1eVoQk3cRA=="
    }
  }
}
